
Microsoft Visual Studio Solution File, Format Version 12.00
# Visual Studio Version 16
VisualStudioVersion = 16.0.30804.86
MinimumVisualStudioVersion = 10.0.40219.1
Project("{FAE04EC0-301F-11D3-BF4B-00C04F79EFBC}") = "VocabularyApp", "VocabularyApp.csproj", "{17DF0738-0483-44B2-A6CF-F49A2D8BD275}"
EndProject
Global
	GlobalSection(SolutionConfigurationPlatforms) = preSolution
		Debug|Any CPU = Debug|Any CPU
		Release|Any CPU = Release|Any CPU
	EndGlobalSection
	GlobalSection(ProjectConfigurationPlatforms) = postSolution
		{17DF0738-0483-44B2-A6CF-F49A2D8BD275}.Debug|Any CPU.ActiveCfg = Debug|Any CPU
		{17DF0738-0483-44B2-A6CF-F49A2D8BD275}.Debug|Any CPU.Build.0 = Debug|Any CPU
		{17DF0738-0483-44B2-A6CF-F49A2D8BD275}.Release|Any CPU.ActiveCfg = Release|Any CPU
		{17DF0738-0483-44B2-A6CF-F49A2D8BD275}.Release|Any CPU.Build.0 = Release|Any CPU
	EndGlobalSection
	GlobalSection(SolutionProperties) = preSolution
		HideSolutionNode = FALSE
	EndGlobalSection
	GlobalSection(ExtensibilityGlobals) = postSolution
		SolutionGuid = {8F2F736E-7C33-40A1-B10B-03A3118DE565}
	EndGlobalSection
EndGlobal
